{
    "name": "laravel",
    "lockfileVersion": 2,
    "requires": true,
    "packages": {
        "": {
            "dependencies": {
                "@vuemodel/sample-data": "^0.0.5"
            }
        },
        "node_modules/@babel/parser": {
            "version": "7.23.6",
            "resolved": "https://registry.npmjs.org/@babel/parser/-/parser-7.23.6.tgz",
            "integrity": "sha512-Z2uID7YJ7oNvAI20O9X0bblw7Qqs8Q2hFy0R9tAfnfLkp5MW0UH9eUvnDSnFwKZ0AvgS1ucqR4KzvVHgnke1VQ==",
            "peer": true,
            "bin": {
                "parser": "bin/babel-parser.js"
            },
            "engines": {
                "node": ">=6.0.0"
            }
        },
        "node_modules/@jridgewell/sourcemap-codec": {
            "version": "1.4.15",
            "resolved": "https://registry.npmjs.org/@jridgewell/sourcemap-codec/-/sourcemap-codec-1.4.15.tgz",
            "integrity": "sha512-eF2rxCRulEKXHTRiDrDy6erMYWqNw4LPdQ8UQA4huuxaQsVeRPFl2oM8oDGxMFhJUWZf9McpLtJasDDZb/Bpeg==",
            "peer": true
        },
        "node_modules/@pinia-orm/normalizr": {
            "version": "1.7.0",
            "resolved": "https://registry.npmjs.org/@pinia-orm/normalizr/-/normalizr-1.7.0.tgz",
            "integrity": "sha512-WGH78S6yDmVYIsFltrbvsq9deyYKqqcsKIuPX5kgddTbkVErdg86Bk+dsuviAjg9g5mtnLGt4VSRbnls2Ldf5Q==",
            "funding": {
                "url": "https://github.com/sponsors/codedredd"
            }
        },
        "node_modules/@types/web-bluetooth": {
            "version": "0.0.20",
            "resolved": "https://registry.npmjs.org/@types/web-bluetooth/-/web-bluetooth-0.0.20.tgz",
            "integrity": "sha512-g9gZnnXVq7gM7v3tJCWV/qw7w+KeOlSHAhgF9RytFyifW6AF61hdT2ucrYhPq9hLs5JIryeupHV3qGk95dH9ow==",
            "peer": true
        },
        "node_modules/@vue/compiler-core": {
            "version": "3.4.3",
            "resolved": "https://registry.npmjs.org/@vue/compiler-core/-/compiler-core-3.4.3.tgz",
            "integrity": "sha512-u8jzgFg0EDtSrb/hG53Wwh1bAOQFtc1ZCegBpA/glyvTlgHl+tq13o1zvRfLbegYUw/E4mSTGOiCnAJ9SJ+lsg==",
            "peer": true,
            "dependencies": {
                "@babel/parser": "^7.23.6",
                "@vue/shared": "3.4.3",
                "entities": "^4.5.0",
                "estree-walker": "^2.0.2",
                "source-map-js": "^1.0.2"
            }
        },
        "node_modules/@vue/compiler-dom": {
            "version": "3.4.3",
            "resolved": "https://registry.npmjs.org/@vue/compiler-dom/-/compiler-dom-3.4.3.tgz",
            "integrity": "sha512-oGF1E9/htI6JWj/lTJgr6UgxNCtNHbM6xKVreBWeZL9QhRGABRVoWGAzxmtBfSOd+w0Zi5BY0Es/tlJrN6WgEg==",
            "peer": true,
            "dependencies": {
                "@vue/compiler-core": "3.4.3",
                "@vue/shared": "3.4.3"
            }
        },
        "node_modules/@vue/compiler-sfc": {
            "version": "3.4.3",
            "resolved": "https://registry.npmjs.org/@vue/compiler-sfc/-/compiler-sfc-3.4.3.tgz",
            "integrity": "sha512-NuJqb5is9I4uzv316VRUDYgIlPZCG8D+ARt5P4t5UDShIHKL25J3TGZAUryY/Aiy0DsY7srJnZL5ryB6DD63Zw==",
            "peer": true,
            "dependencies": {
                "@babel/parser": "^7.23.6",
                "@vue/compiler-core": "3.4.3",
                "@vue/compiler-dom": "3.4.3",
                "@vue/compiler-ssr": "3.4.3",
                "@vue/shared": "3.4.3",
                "estree-walker": "^2.0.2",
                "magic-string": "^0.30.5",
                "postcss": "^8.4.32",
                "source-map-js": "^1.0.2"
            }
        },
        "node_modules/@vue/compiler-ssr": {
            "version": "3.4.3",
            "resolved": "https://registry.npmjs.org/@vue/compiler-ssr/-/compiler-ssr-3.4.3.tgz",
            "integrity": "sha512-wnYQtMBkeFSxgSSQbYGQeXPhQacQiog2c6AlvMldQH6DB+gSXK/0F6DVXAJfEiuBSgBhUc8dwrrG5JQcqwalsA==",
            "peer": true,
            "dependencies": {
                "@vue/compiler-dom": "3.4.3",
                "@vue/shared": "3.4.3"
            }
        },
        "node_modules/@vue/devtools-api": {
            "version": "6.5.1",
            "resolved": "https://registry.npmjs.org/@vue/devtools-api/-/devtools-api-6.5.1.tgz",
            "integrity": "sha512-+KpckaAQyfbvshdDW5xQylLni1asvNSGme1JFs8I1+/H5pHEhqUKMEQD/qn3Nx5+/nycBq11qAEi8lk+LXI2dA==",
            "peer": true
        },
        "node_modules/@vue/reactivity": {
            "version": "3.4.3",
            "resolved": "https://registry.npmjs.org/@vue/reactivity/-/reactivity-3.4.3.tgz",
            "integrity": "sha512-q5f9HLDU+5aBKizXHAx0w4whkIANs1Muiq9R5YXm0HtorSlflqv9u/ohaMxuuhHWCji4xqpQ1eL04WvmAmGnFg==",
            "peer": true,
            "dependencies": {
                "@vue/shared": "3.4.3"
            }
        },
        "node_modules/@vue/runtime-core": {
            "version": "3.4.3",
            "resolved": "https://registry.npmjs.org/@vue/runtime-core/-/runtime-core-3.4.3.tgz",
            "integrity": "sha512-C1r6QhB1qY7D591RCSFhMULyzL9CuyrGc+3PpB0h7dU4Qqw6GNyo4BNFjHZVvsWncrUlKX3DIKg0Y7rNNr06NQ==",
            "peer": true,
            "dependencies": {
                "@vue/reactivity": "3.4.3",
                "@vue/shared": "3.4.3"
            }
        },
        "node_modules/@vue/runtime-dom": {
            "version": "3.4.3",
            "resolved": "https://registry.npmjs.org/@vue/runtime-dom/-/runtime-dom-3.4.3.tgz",
            "integrity": "sha512-wrsprg7An5Ec+EhPngWdPuzkp0BEUxAKaQtN9dPU/iZctPyD9aaXmVtehPJerdQxQale6gEnhpnfywNw3zOv2A==",
            "peer": true,
            "dependencies": {
                "@vue/runtime-core": "3.4.3",
                "@vue/shared": "3.4.3",
                "csstype": "^3.1.3"
            }
        },
        "node_modules/@vue/server-renderer": {
            "version": "3.4.3",
            "resolved": "https://registry.npmjs.org/@vue/server-renderer/-/server-renderer-3.4.3.tgz",
            "integrity": "sha512-BUxt8oVGMKKsqSkM1uU3d3Houyfy4WAc2SpSQRebNd+XJGATVkW/rO129jkyL+kpB/2VRKzE63zwf5RtJ3XuZw==",
            "peer": true,
            "dependencies": {
                "@vue/compiler-ssr": "3.4.3",
                "@vue/shared": "3.4.3"
            },
            "peerDependencies": {
                "vue": "3.4.3"
            }
        },
        "node_modules/@vue/shared": {
            "version": "3.4.3",
            "resolved": "https://registry.npmjs.org/@vue/shared/-/shared-3.4.3.tgz",
            "integrity": "sha512-rIwlkkP1n4uKrRzivAKPZIEkHiuwY5mmhMJ2nZKCBLz8lTUlE73rQh4n1OnnMurXt1vcUNyH4ZPfdh8QweTjpQ==",
            "peer": true
        },
        "node_modules/@vuemodel/core": {
            "version": "0.0.14",
            "resolved": "https://registry.npmjs.org/@vuemodel/core/-/core-0.0.14.tgz",
            "integrity": "sha512-1OMbjzwlV134ELVM55LPfK59eJx1rdPYWmw+KmpycbPrXhugCW3jLEkSlF89UyltD4zhSr1DMcFcQS4ZerU4TQ==",
            "peer": true,
            "dependencies": {
                "@vueuse/core": "^10.6.0",
                "debounce": "^1.2.1",
                "deepmerge-ts": "^5.1.0",
                "pinia": "^2.1.6",
                "pinia-orm": "^1.7.2",
                "pinia-orm-helpers": "^0.0.11",
                "uuid": "^9.0.1",
                "vue": "^3.2.31",
                "vue-demi": "^0.12.5"
            }
        },
        "node_modules/@vuemodel/sample-data": {
            "version": "0.0.5",
            "resolved": "https://registry.npmjs.org/@vuemodel/sample-data/-/sample-data-0.0.5.tgz",
            "integrity": "sha512-G6Wn5IVkw3B/Wf7gKX6B3dyUByguScKOqCyK7zJxXM/lRRK0Xo1Sk8BhyTclYW8k8E40AWv1StBoQdNpaEAF8A==",
            "dependencies": {
                "pinia-orm": "^1.7.2",
                "pinia-orm-helpers": "^0.0.10"
            },
            "peerDependencies": {
                "@vuemodel/core": "^0.0.14"
            }
        },
        "node_modules/@vuemodel/sample-data/node_modules/pinia-orm-helpers": {
            "version": "0.0.10",
            "resolved": "https://registry.npmjs.org/pinia-orm-helpers/-/pinia-orm-helpers-0.0.10.tgz",
            "integrity": "sha512-CmKIJY4hztrK1+mjU8AYITwxPwRjNqnHD0gRF+wlK0Jtw0hWUEHba3JFeLAA1kSylQmlmzatLQNe4XKyWGHbvw==",
            "peerDependencies": {
                "pinia-orm": "^1.6.0",
                "vue": "^3.0.0"
            }
        },
        "node_modules/@vueuse/core": {
            "version": "10.7.1",
            "resolved": "https://registry.npmjs.org/@vueuse/core/-/core-10.7.1.tgz",
            "integrity": "sha512-74mWHlaesJSWGp1ihg76vAnfVq9NTv1YT0SYhAQ6zwFNdBkkP+CKKJmVOEHcdSnLXCXYiL5e7MaewblfiYLP7g==",
            "peer": true,
            "dependencies": {
                "@types/web-bluetooth": "^0.0.20",
                "@vueuse/metadata": "10.7.1",
                "@vueuse/shared": "10.7.1",
                "vue-demi": ">=0.14.6"
            },
            "funding": {
                "url": "https://github.com/sponsors/antfu"
            }
        },
        "node_modules/@vueuse/core/node_modules/vue-demi": {
            "version": "0.14.6",
            "resolved": "https://registry.npmjs.org/vue-demi/-/vue-demi-0.14.6.tgz",
            "integrity": "sha512-8QA7wrYSHKaYgUxDA5ZC24w+eHm3sYCbp0EzcDwKqN3p6HqtTCGR/GVsPyZW92unff4UlcSh++lmqDWN3ZIq4w==",
            "hasInstallScript": true,
            "peer": true,
            "bin": {
                "vue-demi-fix": "bin/vue-demi-fix.js",
                "vue-demi-switch": "bin/vue-demi-switch.js"
            },
            "engines": {
                "node": ">=12"
            },
            "funding": {
                "url": "https://github.com/sponsors/antfu"
            },
            "peerDependencies": {
                "@vue/composition-api": "^1.0.0-rc.1",
                "vue": "^3.0.0-0 || ^2.6.0"
            },
            "peerDependenciesMeta": {
                "@vue/composition-api": {
                    "optional": true
                }
            }
        },
        "node_modules/@vueuse/metadata": {
            "version": "10.7.1",
            "resolved": "https://registry.npmjs.org/@vueuse/metadata/-/metadata-10.7.1.tgz",
            "integrity": "sha512-jX8MbX5UX067DYVsbtrmKn6eG6KMcXxLRLlurGkZku5ZYT3vxgBjui2zajvUZ18QLIjrgBkFRsu7CqTAg18QFw==",
            "peer": true,
            "funding": {
                "url": "https://github.com/sponsors/antfu"
            }
        },
        "node_modules/@vueuse/shared": {
            "version": "10.7.1",
            "resolved": "https://registry.npmjs.org/@vueuse/shared/-/shared-10.7.1.tgz",
            "integrity": "sha512-v0jbRR31LSgRY/C5i5X279A/WQjD6/JsMzGa+eqt658oJ75IvQXAeONmwvEMrvJQKnRElq/frzBR7fhmWY5uLw==",
            "peer": true,
            "dependencies": {
                "vue-demi": ">=0.14.6"
            },
            "funding": {
                "url": "https://github.com/sponsors/antfu"
            }
        },
        "node_modules/@vueuse/shared/node_modules/vue-demi": {
            "version": "0.14.6",
            "resolved": "https://registry.npmjs.org/vue-demi/-/vue-demi-0.14.6.tgz",
            "integrity": "sha512-8QA7wrYSHKaYgUxDA5ZC24w+eHm3sYCbp0EzcDwKqN3p6HqtTCGR/GVsPyZW92unff4UlcSh++lmqDWN3ZIq4w==",
            "hasInstallScript": true,
            "peer": true,
            "bin": {
                "vue-demi-fix": "bin/vue-demi-fix.js",
                "vue-demi-switch": "bin/vue-demi-switch.js"
            },
            "engines": {
                "node": ">=12"
            },
            "funding": {
                "url": "https://github.com/sponsors/antfu"
            },
            "peerDependencies": {
                "@vue/composition-api": "^1.0.0-rc.1",
                "vue": "^3.0.0-0 || ^2.6.0"
            },
            "peerDependenciesMeta": {
                "@vue/composition-api": {
                    "optional": true
                }
            }
        },
        "node_modules/csstype": {
            "version": "3.1.3",
            "resolved": "https://registry.npmjs.org/csstype/-/csstype-3.1.3.tgz",
            "integrity": "sha512-M1uQkMl8rQK/szD0LNhtqxIPLpimGm8sOBwU7lLnCpSbTyY3yeU1Vc7l4KT5zT4s/yOxHH5O7tIuuLOCnLADRw==",
            "peer": true
        },
        "node_modules/debounce": {
            "version": "1.2.1",
            "resolved": "https://registry.npmjs.org/debounce/-/debounce-1.2.1.tgz",
            "integrity": "sha512-XRRe6Glud4rd/ZGQfiV1ruXSfbvfJedlV9Y6zOlP+2K04vBYiJEte6stfFkCP03aMnY5tsipamumUjL14fofug==",
            "peer": true
        },
        "node_modules/deepmerge-ts": {
            "version": "5.1.0",
            "resolved": "https://registry.npmjs.org/deepmerge-ts/-/deepmerge-ts-5.1.0.tgz",
            "integrity": "sha512-eS8dRJOckyo9maw9Tu5O5RUi/4inFLrnoLkBe3cPfDMx3WZioXtmOew4TXQaxq7Rhl4xjDtR7c6x8nNTxOvbFw==",
            "peer": true,
            "engines": {
                "node": ">=16.0.0"
            }
        },
        "node_modules/entities": {
            "version": "4.5.0",
            "resolved": "https://registry.npmjs.org/entities/-/entities-4.5.0.tgz",
            "integrity": "sha512-V0hjH4dGPh9Ao5p0MoRY6BVqtwCjhz6vI5LT8AJ55H+4g9/4vbHx1I54fS0XuclLhDHArPQCiMjDxjaL8fPxhw==",
            "peer": true,
            "engines": {
                "node": ">=0.12"
            },
            "funding": {
                "url": "https://github.com/fb55/entities?sponsor=1"
            }
        },
        "node_modules/estree-walker": {
            "version": "2.0.2",
            "resolved": "https://registry.npmjs.org/estree-walker/-/estree-walker-2.0.2.tgz",
            "integrity": "sha512-Rfkk/Mp/DL7JVje3u18FxFujQlTNR2q6QfMSMB7AvCBx91NGj/ba3kCfza0f6dVDbw7YlRf/nDrn7pQrCCyQ/w==",
            "peer": true
        },
        "node_modules/magic-string": {
            "version": "0.30.5",
            "resolved": "https://registry.npmjs.org/magic-string/-/magic-string-0.30.5.tgz",
            "integrity": "sha512-7xlpfBaQaP/T6Vh8MO/EqXSW5En6INHEvEXQiuff7Gku0PWjU3uf6w/j9o7O+SpB5fOAkrI5HeoNgwjEO0pFsA==",
            "peer": true,
            "dependencies": {
                "@jridgewell/sourcemap-codec": "^1.4.15"
            },
            "engines": {
                "node": ">=12"
            }
        },
        "node_modules/nanoid": {
            "version": "3.3.7",
            "resolved": "https://registry.npmjs.org/nanoid/-/nanoid-3.3.7.tgz",
            "integrity": "sha512-eSRppjcPIatRIMC1U6UngP8XFcz8MQWGQdt1MTBQ7NaAmvXDfvNxbvWV3x2y6CdEUciCSsDHDQZbhYaB8QEo2g==",
            "funding": [
                {
                    "type": "github",
                    "url": "https://github.com/sponsors/ai"
                }
            ],
            "peer": true,
            "bin": {
                "nanoid": "bin/nanoid.cjs"
            },
            "engines": {
                "node": "^10 || ^12 || ^13.7 || ^14 || >=15.0.1"
            }
        },
        "node_modules/picocolors": {
            "version": "1.0.0",
            "resolved": "https://registry.npmjs.org/picocolors/-/picocolors-1.0.0.tgz",
            "integrity": "sha512-1fygroTLlHu66zi26VoTDv8yRgm0Fccecssto+MhsZ0D/DGW2sm8E8AjW7NU5VVTRt5GxbeZ5qBuJr+HyLYkjQ==",
            "peer": true
        },
        "node_modules/pinia": {
            "version": "2.1.7",
            "resolved": "https://registry.npmjs.org/pinia/-/pinia-2.1.7.tgz",
            "integrity": "sha512-+C2AHFtcFqjPih0zpYuvof37SFxMQ7OEG2zV9jRI12i9BOy3YQVAHwdKtyyc8pDcDyIc33WCIsZaCFWU7WWxGQ==",
            "peer": true,
            "dependencies": {
                "@vue/devtools-api": "^6.5.0",
                "vue-demi": ">=0.14.5"
            },
            "funding": {
                "url": "https://github.com/sponsors/posva"
            },
            "peerDependencies": {
                "@vue/composition-api": "^1.4.0",
                "typescript": ">=4.4.4",
                "vue": "^2.6.14 || ^3.3.0"
            },
            "peerDependenciesMeta": {
                "@vue/composition-api": {
                    "optional": true
                },
                "typescript": {
                    "optional": true
                }
            }
        },
        "node_modules/pinia-orm": {
            "version": "1.7.2",
            "resolved": "https://registry.npmjs.org/pinia-orm/-/pinia-orm-1.7.2.tgz",
            "integrity": "sha512-Ha2RcDN6UnoE0dkKKiauDTHA5LCQ3HEkA1vc1bELsJOARme6wCQQwZDlVNxtFi9KYlF3dwmvHhNzQ8YrCW89kA==",
            "dependencies": {
                "@pinia-orm/normalizr": ">=1.7.0"
            },
            "funding": {
                "url": "https://github.com/sponsors/codedredd"
            },
            "peerDependencies": {
                "pinia": "^2.1.6"
            }
        },
        "node_modules/pinia-orm-helpers": {
            "version": "0.0.11",
            "resolved": "https://registry.npmjs.org/pinia-orm-helpers/-/pinia-orm-helpers-0.0.11.tgz",
            "integrity": "sha512-4w3E/gHQSXMcEna24J9vj14hy0161hz7aw2O76TVNeOzTV32joUeBGcXbeIZdSaMv2dSpH134dCMSdpvf2Wo8g==",
            "peer": true,
            "peerDependencies": {
                "pinia-orm": "^1.6.0",
                "vue": "^3.0.0"
            }
        },
        "node_modules/pinia/node_modules/vue-demi": {
            "version": "0.14.6",
            "resolved": "https://registry.npmjs.org/vue-demi/-/vue-demi-0.14.6.tgz",
            "integrity": "sha512-8QA7wrYSHKaYgUxDA5ZC24w+eHm3sYCbp0EzcDwKqN3p6HqtTCGR/GVsPyZW92unff4UlcSh++lmqDWN3ZIq4w==",
            "hasInstallScript": true,
            "peer": true,
            "bin": {
                "vue-demi-fix": "bin/vue-demi-fix.js",
                "vue-demi-switch": "bin/vue-demi-switch.js"
            },
            "engines": {
                "node": ">=12"
            },
            "funding": {
                "url": "https://github.com/sponsors/antfu"
            },
            "peerDependencies": {
                "@vue/composition-api": "^1.0.0-rc.1",
                "vue": "^3.0.0-0 || ^2.6.0"
            },
            "peerDependenciesMeta": {
                "@vue/composition-api": {
                    "optional": true
                }
            }
        },
        "node_modules/postcss": {
            "version": "8.4.32",
            "resolved": "https://registry.npmjs.org/postcss/-/postcss-8.4.32.tgz",
            "integrity": "sha512-D/kj5JNu6oo2EIy+XL/26JEDTlIbB8hw85G8StOE6L74RQAVVP5rej6wxCNqyMbR4RkPfqvezVbPw81Ngd6Kcw==",
            "funding": [
                {
                    "type": "opencollective",
                    "url": "https://opencollective.com/postcss/"
                },
                {
                    "type": "tidelift",
                    "url": "https://tidelift.com/funding/github/npm/postcss"
                },
                {
                    "type": "github",
                    "url": "https://github.com/sponsors/ai"
                }
            ],
            "peer": true,
            "dependencies": {
                "nanoid": "^3.3.7",
                "picocolors": "^1.0.0",
                "source-map-js": "^1.0.2"
            },
            "engines": {
                "node": "^10 || ^12 || >=14"
            }
        },
        "node_modules/source-map-js": {
            "version": "1.0.2",
            "resolved": "https://registry.npmjs.org/source-map-js/-/source-map-js-1.0.2.tgz",
            "integrity": "sha512-R0XvVJ9WusLiqTCEiGCmICCMplcCkIwwR11mOSD9CR5u+IXYdiseeEuXCVAjS54zqwkLcPNnmU4OeJ6tUrWhDw==",
            "peer": true,
            "engines": {
                "node": ">=0.10.0"
            }
        },
        "node_modules/uuid": {
            "version": "9.0.1",
            "resolved": "https://registry.npmjs.org/uuid/-/uuid-9.0.1.tgz",
            "integrity": "sha512-b+1eJOlsR9K8HJpow9Ok3fiWOWSIcIzXodvv0rQjVoOVNpWMpxf1wZNpt4y9h10odCNrqnYp1OBzRktckBe3sA==",
            "funding": [
                "https://github.com/sponsors/broofa",
                "https://github.com/sponsors/ctavan"
            ],
            "peer": true,
            "bin": {
                "uuid": "dist/bin/uuid"
            }
        },
        "node_modules/vue": {
            "version": "3.4.3",
            "resolved": "https://registry.npmjs.org/vue/-/vue-3.4.3.tgz",
            "integrity": "sha512-GjN+culMAGv/mUbkIv8zMKItno8npcj5gWlXkSxf1SPTQf8eJ4A+YfHIvQFyL1IfuJcMl3soA7SmN1fRxbf/wA==",
            "peer": true,
            "dependencies": {
                "@vue/compiler-dom": "3.4.3",
                "@vue/compiler-sfc": "3.4.3",
                "@vue/runtime-dom": "3.4.3",
                "@vue/server-renderer": "3.4.3",
                "@vue/shared": "3.4.3"
            },
            "peerDependencies": {
                "typescript": "*"
            },
            "peerDependenciesMeta": {
                "typescript": {
                    "optional": true
                }
            }
        },
        "node_modules/vue-demi": {
            "version": "0.12.5",
            "resolved": "https://registry.npmjs.org/vue-demi/-/vue-demi-0.12.5.tgz",
            "integrity": "sha512-BREuTgTYlUr0zw0EZn3hnhC3I6gPWv+Kwh4MCih6QcAeaTlaIX0DwOVN0wHej7hSvDPecz4jygy/idsgKfW58Q==",
            "hasInstallScript": true,
            "peer": true,
            "bin": {
                "vue-demi-fix": "bin/vue-demi-fix.js",
                "vue-demi-switch": "bin/vue-demi-switch.js"
            },
            "engines": {
                "node": ">=12"
            },
            "funding": {
                "url": "https://github.com/sponsors/antfu"
            },
            "peerDependencies": {
                "@vue/composition-api": "^1.0.0-rc.1",
                "vue": "^3.0.0-0 || ^2.6.0"
            },
            "peerDependenciesMeta": {
                "@vue/composition-api": {
                    "optional": true
                }
            }
        }
    },
    "dependencies": {
        "@babel/parser": {
            "version": "7.23.6",
            "resolved": "https://registry.npmjs.org/@babel/parser/-/parser-7.23.6.tgz",
            "integrity": "sha512-Z2uID7YJ7oNvAI20O9X0bblw7Qqs8Q2hFy0R9tAfnfLkp5MW0UH9eUvnDSnFwKZ0AvgS1ucqR4KzvVHgnke1VQ==",
            "peer": true
        },
        "@jridgewell/sourcemap-codec": {
            "version": "1.4.15",
            "resolved": "https://registry.npmjs.org/@jridgewell/sourcemap-codec/-/sourcemap-codec-1.4.15.tgz",
            "integrity": "sha512-eF2rxCRulEKXHTRiDrDy6erMYWqNw4LPdQ8UQA4huuxaQsVeRPFl2oM8oDGxMFhJUWZf9McpLtJasDDZb/Bpeg==",
            "peer": true
        },
        "@pinia-orm/normalizr": {
            "version": "1.7.0",
            "resolved": "https://registry.npmjs.org/@pinia-orm/normalizr/-/normalizr-1.7.0.tgz",
            "integrity": "sha512-WGH78S6yDmVYIsFltrbvsq9deyYKqqcsKIuPX5kgddTbkVErdg86Bk+dsuviAjg9g5mtnLGt4VSRbnls2Ldf5Q=="
        },
        "@types/web-bluetooth": {
            "version": "0.0.20",
            "resolved": "https://registry.npmjs.org/@types/web-bluetooth/-/web-bluetooth-0.0.20.tgz",
            "integrity": "sha512-g9gZnnXVq7gM7v3tJCWV/qw7w+KeOlSHAhgF9RytFyifW6AF61hdT2ucrYhPq9hLs5JIryeupHV3qGk95dH9ow==",
            "peer": true
        },
        "@vue/compiler-core": {
            "version": "3.4.3",
            "resolved": "https://registry.npmjs.org/@vue/compiler-core/-/compiler-core-3.4.3.tgz",
            "integrity": "sha512-u8jzgFg0EDtSrb/hG53Wwh1bAOQFtc1ZCegBpA/glyvTlgHl+tq13o1zvRfLbegYUw/E4mSTGOiCnAJ9SJ+lsg==",
            "peer": true,
            "requires": {
                "@babel/parser": "^7.23.6",
                "@vue/shared": "3.4.3",
                "entities": "^4.5.0",
                "estree-walker": "^2.0.2",
                "source-map-js": "^1.0.2"
            }
        },
        "@vue/compiler-dom": {
            "version": "3.4.3",
            "resolved": "https://registry.npmjs.org/@vue/compiler-dom/-/compiler-dom-3.4.3.tgz",
            "integrity": "sha512-oGF1E9/htI6JWj/lTJgr6UgxNCtNHbM6xKVreBWeZL9QhRGABRVoWGAzxmtBfSOd+w0Zi5BY0Es/tlJrN6WgEg==",
            "peer": true,
            "requires": {
                "@vue/compiler-core": "3.4.3",
                "@vue/shared": "3.4.3"
            }
        },
        "@vue/compiler-sfc": {
            "version": "3.4.3",
            "resolved": "https://registry.npmjs.org/@vue/compiler-sfc/-/compiler-sfc-3.4.3.tgz",
            "integrity": "sha512-NuJqb5is9I4uzv316VRUDYgIlPZCG8D+ARt5P4t5UDShIHKL25J3TGZAUryY/Aiy0DsY7srJnZL5ryB6DD63Zw==",
            "peer": true,
            "requires": {
                "@babel/parser": "^7.23.6",
                "@vue/compiler-core": "3.4.3",
                "@vue/compiler-dom": "3.4.3",
                "@vue/compiler-ssr": "3.4.3",
                "@vue/shared": "3.4.3",
                "estree-walker": "^2.0.2",
                "magic-string": "^0.30.5",
                "postcss": "^8.4.32",
                "source-map-js": "^1.0.2"
            }
        },
        "@vue/compiler-ssr": {
            "version": "3.4.3",
            "resolved": "https://registry.npmjs.org/@vue/compiler-ssr/-/compiler-ssr-3.4.3.tgz",
            "integrity": "sha512-wnYQtMBkeFSxgSSQbYGQeXPhQacQiog2c6AlvMldQH6DB+gSXK/0F6DVXAJfEiuBSgBhUc8dwrrG5JQcqwalsA==",
            "peer": true,
            "requires": {
                "@vue/compiler-dom": "3.4.3",
                "@vue/shared": "3.4.3"
            }
        },
        "@vue/devtools-api": {
            "version": "6.5.1",
            "resolved": "https://registry.npmjs.org/@vue/devtools-api/-/devtools-api-6.5.1.tgz",
            "integrity": "sha512-+KpckaAQyfbvshdDW5xQylLni1asvNSGme1JFs8I1+/H5pHEhqUKMEQD/qn3Nx5+/nycBq11qAEi8lk+LXI2dA==",
            "peer": true
        },
        "@vue/reactivity": {
            "version": "3.4.3",
            "resolved": "https://registry.npmjs.org/@vue/reactivity/-/reactivity-3.4.3.tgz",
            "integrity": "sha512-q5f9HLDU+5aBKizXHAx0w4whkIANs1Muiq9R5YXm0HtorSlflqv9u/ohaMxuuhHWCji4xqpQ1eL04WvmAmGnFg==",
            "peer": true,
            "requires": {
                "@vue/shared": "3.4.3"
            }
        },
        "@vue/runtime-core": {
            "version": "3.4.3",
            "resolved": "https://registry.npmjs.org/@vue/runtime-core/-/runtime-core-3.4.3.tgz",
            "integrity": "sha512-C1r6QhB1qY7D591RCSFhMULyzL9CuyrGc+3PpB0h7dU4Qqw6GNyo4BNFjHZVvsWncrUlKX3DIKg0Y7rNNr06NQ==",
            "peer": true,
            "requires": {
                "@vue/reactivity": "3.4.3",
                "@vue/shared": "3.4.3"
            }
        },
        "@vue/runtime-dom": {
            "version": "3.4.3",
            "resolved": "https://registry.npmjs.org/@vue/runtime-dom/-/runtime-dom-3.4.3.tgz",
            "integrity": "sha512-wrsprg7An5Ec+EhPngWdPuzkp0BEUxAKaQtN9dPU/iZctPyD9aaXmVtehPJerdQxQale6gEnhpnfywNw3zOv2A==",
            "peer": true,
            "requires": {
                "@vue/runtime-core": "3.4.3",
                "@vue/shared": "3.4.3",
                "csstype": "^3.1.3"
            }
        },
        "@vue/server-renderer": {
            "version": "3.4.3",
            "resolved": "https://registry.npmjs.org/@vue/server-renderer/-/server-renderer-3.4.3.tgz",
            "integrity": "sha512-BUxt8oVGMKKsqSkM1uU3d3Houyfy4WAc2SpSQRebNd+XJGATVkW/rO129jkyL+kpB/2VRKzE63zwf5RtJ3XuZw==",
            "peer": true,
            "requires": {
                "@vue/compiler-ssr": "3.4.3",
                "@vue/shared": "3.4.3"
            }
        },
        "@vue/shared": {
            "version": "3.4.3",
            "resolved": "https://registry.npmjs.org/@vue/shared/-/shared-3.4.3.tgz",
            "integrity": "sha512-rIwlkkP1n4uKrRzivAKPZIEkHiuwY5mmhMJ2nZKCBLz8lTUlE73rQh4n1OnnMurXt1vcUNyH4ZPfdh8QweTjpQ==",
            "peer": true
        },
        "@vuemodel/core": {
            "version": "0.0.14",
            "resolved": "https://registry.npmjs.org/@vuemodel/core/-/core-0.0.14.tgz",
            "integrity": "sha512-1OMbjzwlV134ELVM55LPfK59eJx1rdPYWmw+KmpycbPrXhugCW3jLEkSlF89UyltD4zhSr1DMcFcQS4ZerU4TQ==",
            "peer": true,
            "requires": {
                "@vueuse/core": "^10.6.0",
                "debounce": "^1.2.1",
                "deepmerge-ts": "^5.1.0",
                "pinia": "^2.1.6",
                "pinia-orm": "^1.7.2",
                "pinia-orm-helpers": "^0.0.11",
                "uuid": "^9.0.1",
                "vue": "^3.2.31",
                "vue-demi": "^0.12.5"
            }
        },
        "@vuemodel/sample-data": {
            "version": "0.0.5",
            "resolved": "https://registry.npmjs.org/@vuemodel/sample-data/-/sample-data-0.0.5.tgz",
            "integrity": "sha512-G6Wn5IVkw3B/Wf7gKX6B3dyUByguScKOqCyK7zJxXM/lRRK0Xo1Sk8BhyTclYW8k8E40AWv1StBoQdNpaEAF8A==",
            "requires": {
                "pinia-orm": "^1.7.2",
                "pinia-orm-helpers": "^0.0.10"
            },
            "dependencies": {
                "pinia-orm-helpers": {
                    "version": "0.0.10",
                    "resolved": "https://registry.npmjs.org/pinia-orm-helpers/-/pinia-orm-helpers-0.0.10.tgz",
                    "integrity": "sha512-CmKIJY4hztrK1+mjU8AYITwxPwRjNqnHD0gRF+wlK0Jtw0hWUEHba3JFeLAA1kSylQmlmzatLQNe4XKyWGHbvw==",
                    "requires": {}
                }
            }
        },
        "@vueuse/core": {
            "version": "10.7.1",
            "resolved": "https://registry.npmjs.org/@vueuse/core/-/core-10.7.1.tgz",
            "integrity": "sha512-74mWHlaesJSWGp1ihg76vAnfVq9NTv1YT0SYhAQ6zwFNdBkkP+CKKJmVOEHcdSnLXCXYiL5e7MaewblfiYLP7g==",
            "peer": true,
            "requires": {
                "@types/web-bluetooth": "^0.0.20",
                "@vueuse/metadata": "10.7.1",
                "@vueuse/shared": "10.7.1",
                "vue-demi": ">=0.14.6"
            },
            "dependencies": {
                "vue-demi": {
                    "version": "0.14.6",
                    "resolved": "https://registry.npmjs.org/vue-demi/-/vue-demi-0.14.6.tgz",
                    "integrity": "sha512-8QA7wrYSHKaYgUxDA5ZC24w+eHm3sYCbp0EzcDwKqN3p6HqtTCGR/GVsPyZW92unff4UlcSh++lmqDWN3ZIq4w==",
                    "peer": true,
                    "requires": {}
                }
            }
        },
        "@vueuse/metadata": {
            "version": "10.7.1",
            "resolved": "https://registry.npmjs.org/@vueuse/metadata/-/metadata-10.7.1.tgz",
            "integrity": "sha512-jX8MbX5UX067DYVsbtrmKn6eG6KMcXxLRLlurGkZku5ZYT3vxgBjui2zajvUZ18QLIjrgBkFRsu7CqTAg18QFw==",
            "peer": true
        },
        "@vueuse/shared": {
            "version": "10.7.1",
            "resolved": "https://registry.npmjs.org/@vueuse/shared/-/shared-10.7.1.tgz",
            "integrity": "sha512-v0jbRR31LSgRY/C5i5X279A/WQjD6/JsMzGa+eqt658oJ75IvQXAeONmwvEMrvJQKnRElq/frzBR7fhmWY5uLw==",
            "peer": true,
            "requires": {
                "vue-demi": ">=0.14.6"
            },
            "dependencies": {
                "vue-demi": {
                    "version": "0.14.6",
                    "resolved": "https://registry.npmjs.org/vue-demi/-/vue-demi-0.14.6.tgz",
                    "integrity": "sha512-8QA7wrYSHKaYgUxDA5ZC24w+eHm3sYCbp0EzcDwKqN3p6HqtTCGR/GVsPyZW92unff4UlcSh++lmqDWN3ZIq4w==",
                    "peer": true,
                    "requires": {}
                }
            }
        },
        "csstype": {
            "version": "3.1.3",
            "resolved": "https://registry.npmjs.org/csstype/-/csstype-3.1.3.tgz",
            "integrity": "sha512-M1uQkMl8rQK/szD0LNhtqxIPLpimGm8sOBwU7lLnCpSbTyY3yeU1Vc7l4KT5zT4s/yOxHH5O7tIuuLOCnLADRw==",
            "peer": true
        },
        "debounce": {
            "version": "1.2.1",
            "resolved": "https://registry.npmjs.org/debounce/-/debounce-1.2.1.tgz",
            "integrity": "sha512-XRRe6Glud4rd/ZGQfiV1ruXSfbvfJedlV9Y6zOlP+2K04vBYiJEte6stfFkCP03aMnY5tsipamumUjL14fofug==",
            "peer": true
        },
        "deepmerge-ts": {
            "version": "5.1.0",
            "resolved": "https://registry.npmjs.org/deepmerge-ts/-/deepmerge-ts-5.1.0.tgz",
            "integrity": "sha512-eS8dRJOckyo9maw9Tu5O5RUi/4inFLrnoLkBe3cPfDMx3WZioXtmOew4TXQaxq7Rhl4xjDtR7c6x8nNTxOvbFw==",
            "peer": true
        },
        "entities": {
            "version": "4.5.0",
            "resolved": "https://registry.npmjs.org/entities/-/entities-4.5.0.tgz",
            "integrity": "sha512-V0hjH4dGPh9Ao5p0MoRY6BVqtwCjhz6vI5LT8AJ55H+4g9/4vbHx1I54fS0XuclLhDHArPQCiMjDxjaL8fPxhw==",
            "peer": true
        },
        "estree-walker": {
            "version": "2.0.2",
            "resolved": "https://registry.npmjs.org/estree-walker/-/estree-walker-2.0.2.tgz",
            "integrity": "sha512-Rfkk/Mp/DL7JVje3u18FxFujQlTNR2q6QfMSMB7AvCBx91NGj/ba3kCfza0f6dVDbw7YlRf/nDrn7pQrCCyQ/w==",
            "peer": true
        },
        "magic-string": {
            "version": "0.30.5",
            "resolved": "https://registry.npmjs.org/magic-string/-/magic-string-0.30.5.tgz",
            "integrity": "sha512-7xlpfBaQaP/T6Vh8MO/EqXSW5En6INHEvEXQiuff7Gku0PWjU3uf6w/j9o7O+SpB5fOAkrI5HeoNgwjEO0pFsA==",
            "peer": true,
            "requires": {
                "@jridgewell/sourcemap-codec": "^1.4.15"
            }
        },
        "nanoid": {
            "version": "3.3.7",
            "resolved": "https://registry.npmjs.org/nanoid/-/nanoid-3.3.7.tgz",
            "integrity": "sha512-eSRppjcPIatRIMC1U6UngP8XFcz8MQWGQdt1MTBQ7NaAmvXDfvNxbvWV3x2y6CdEUciCSsDHDQZbhYaB8QEo2g==",
            "peer": true
        },
        "picocolors": {
            "version": "1.0.0",
            "resolved": "https://registry.npmjs.org/picocolors/-/picocolors-1.0.0.tgz",
            "integrity": "sha512-1fygroTLlHu66zi26VoTDv8yRgm0Fccecssto+MhsZ0D/DGW2sm8E8AjW7NU5VVTRt5GxbeZ5qBuJr+HyLYkjQ==",
            "peer": true
        },
        "pinia": {
            "version": "2.1.7",
            "resolved": "https://registry.npmjs.org/pinia/-/pinia-2.1.7.tgz",
            "integrity": "sha512-+C2AHFtcFqjPih0zpYuvof37SFxMQ7OEG2zV9jRI12i9BOy3YQVAHwdKtyyc8pDcDyIc33WCIsZaCFWU7WWxGQ==",
            "peer": true,
            "requires": {
                "@vue/devtools-api": "^6.5.0",
                "vue-demi": ">=0.14.5"
            },
            "dependencies": {
                "vue-demi": {
                    "version": "0.14.6",
                    "resolved": "https://registry.npmjs.org/vue-demi/-/vue-demi-0.14.6.tgz",
                    "integrity": "sha512-8QA7wrYSHKaYgUxDA5ZC24w+eHm3sYCbp0EzcDwKqN3p6HqtTCGR/GVsPyZW92unff4UlcSh++lmqDWN3ZIq4w==",
                    "peer": true,
                    "requires": {}
                }
            }
        },
        "pinia-orm": {
            "version": "1.7.2",
            "resolved": "https://registry.npmjs.org/pinia-orm/-/pinia-orm-1.7.2.tgz",
            "integrity": "sha512-Ha2RcDN6UnoE0dkKKiauDTHA5LCQ3HEkA1vc1bELsJOARme6wCQQwZDlVNxtFi9KYlF3dwmvHhNzQ8YrCW89kA==",
            "requires": {
                "@pinia-orm/normalizr": ">=1.7.0"
            }
        },
        "pinia-orm-helpers": {
            "version": "0.0.11",
            "resolved": "https://registry.npmjs.org/pinia-orm-helpers/-/pinia-orm-helpers-0.0.11.tgz",
            "integrity": "sha512-4w3E/gHQSXMcEna24J9vj14hy0161hz7aw2O76TVNeOzTV32joUeBGcXbeIZdSaMv2dSpH134dCMSdpvf2Wo8g==",
            "peer": true,
            "requires": {}
        },
        "postcss": {
            "version": "8.4.32",
            "resolved": "https://registry.npmjs.org/postcss/-/postcss-8.4.32.tgz",
            "integrity": "sha512-D/kj5JNu6oo2EIy+XL/26JEDTlIbB8hw85G8StOE6L74RQAVVP5rej6wxCNqyMbR4RkPfqvezVbPw81Ngd6Kcw==",
            "peer": true,
            "requires": {
                "nanoid": "^3.3.7",
                "picocolors": "^1.0.0",
                "source-map-js": "^1.0.2"
            }
        },
        "source-map-js": {
            "version": "1.0.2",
            "resolved": "https://registry.npmjs.org/source-map-js/-/source-map-js-1.0.2.tgz",
            "integrity": "sha512-R0XvVJ9WusLiqTCEiGCmICCMplcCkIwwR11mOSD9CR5u+IXYdiseeEuXCVAjS54zqwkLcPNnmU4OeJ6tUrWhDw==",
            "peer": true
        },
        "uuid": {
            "version": "9.0.1",
            "resolved": "https://registry.npmjs.org/uuid/-/uuid-9.0.1.tgz",
            "integrity": "sha512-b+1eJOlsR9K8HJpow9Ok3fiWOWSIcIzXodvv0rQjVoOVNpWMpxf1wZNpt4y9h10odCNrqnYp1OBzRktckBe3sA==",
            "peer": true
        },
        "vue": {
            "version": "3.4.3",
            "resolved": "https://registry.npmjs.org/vue/-/vue-3.4.3.tgz",
            "integrity": "sha512-GjN+culMAGv/mUbkIv8zMKItno8npcj5gWlXkSxf1SPTQf8eJ4A+YfHIvQFyL1IfuJcMl3soA7SmN1fRxbf/wA==",
            "peer": true,
            "requires": {
                "@vue/compiler-dom": "3.4.3",
                "@vue/compiler-sfc": "3.4.3",
                "@vue/runtime-dom": "3.4.3",
                "@vue/server-renderer": "3.4.3",
                "@vue/shared": "3.4.3"
            }
        },
        "vue-demi": {
            "version": "0.12.5",
            "resolved": "https://registry.npmjs.org/vue-demi/-/vue-demi-0.12.5.tgz",
            "integrity": "sha512-BREuTgTYlUr0zw0EZn3hnhC3I6gPWv+Kwh4MCih6QcAeaTlaIX0DwOVN0wHej7hSvDPecz4jygy/idsgKfW58Q==",
            "peer": true,
            "requires": {}
        }
    }
}
